PODS:
  - ALSlidingNavigationBar (1.0.1)

DEPENDENCIES:
  - ALSlidingNavigationBar (from `../`)

EXTERNAL SOURCES:
  ALSlidingNavigationBar:
    :path: ../

SPEC CHECKSUMS:
  ALSlidingNavigationBar: e28f66fa99e401d4b6d20fce7fdae8e6f70775ee

PODFILE CHECKSUM: 3068a61176e711c0553229592755a637da4fa8b7

COCOAPODS: 1.2.1
